
Microsoft Visual Studio Solution File, Format Version 12.00
# Visual Studio 2012
Project("{FAE04EC0-301F-11D3-BF4B-00C04F79EFBC}") = "LPSCLient", "LPSCLient.csproj", "{522070EA-12EA-492E-9907-6763EFE1D116}"
EndProject
Project("{FAE04EC0-301F-11D3-BF4B-00C04F79EFBC}") = "LPSClientMessages", "..\LPSClientMessages\LPSClientMessages.csproj", "{B32A82C0-0C1D-4AD5-A0EE-A9A10D51EDA0}"
EndProject
Global
	GlobalSection(SolutionConfigurationPlatforms) = preSolution
		Debug|Any CPU = Debug|Any CPU
		Debug|x86 = Debug|x86
		Release|Any CPU = Release|Any CPU
		Release|x86 = Release|x86
	EndGlobalSection
	GlobalSection(ProjectConfigurationPlatforms) = postSolution
		{522070EA-12EA-492E-9907-6763EFE1D116}.Debug|Any CPU.ActiveCfg = Debug|Any CPU
		{522070EA-12EA-492E-9907-6763EFE1D116}.Debug|Any CPU.Build.0 = Debug|Any CPU
		{522070EA-12EA-492E-9907-6763EFE1D116}.Debug|x86.ActiveCfg = Debug|Any CPU
		{522070EA-12EA-492E-9907-6763EFE1D116}.Release|Any CPU.ActiveCfg = Release|Any CPU
		{522070EA-12EA-492E-9907-6763EFE1D116}.Release|Any CPU.Build.0 = Release|Any CPU
		{522070EA-12EA-492E-9907-6763EFE1D116}.Release|x86.ActiveCfg = Release|Any CPU
		{B32A82C0-0C1D-4AD5-A0EE-A9A10D51EDA0}.Debug|Any CPU.ActiveCfg = Debug|Any CPU
		{B32A82C0-0C1D-4AD5-A0EE-A9A10D51EDA0}.Debug|Any CPU.Build.0 = Debug|Any CPU
		{B32A82C0-0C1D-4AD5-A0EE-A9A10D51EDA0}.Debug|x86.ActiveCfg = Debug|Any CPU
		{B32A82C0-0C1D-4AD5-A0EE-A9A10D51EDA0}.Release|Any CPU.ActiveCfg = Release|Any CPU
		{B32A82C0-0C1D-4AD5-A0EE-A9A10D51EDA0}.Release|Any CPU.Build.0 = Release|Any CPU
		{B32A82C0-0C1D-4AD5-A0EE-A9A10D51EDA0}.Release|x86.ActiveCfg = Release|Any CPU
	EndGlobalSection
	GlobalSection(SolutionProperties) = preSolution
		HideSolutionNode = FALSE
	EndGlobalSection
EndGlobal
