Microsoft Visual Studio Solution File, Format Version 11.00
# Visual Studio 2008

Project("{D1F17BFD-4C9B-6AD5-7E98-6DA960B3CEA0}") = "LeadPoetsSociety", "Assembly-CSharp-firstpass.csproj", "{41F43E22-C635-7CD8-91AD-1AA75DE6BF03}"
EndProject
Project("{D1F17BFD-4C9B-6AD5-7E98-6DA960B3CEA0}") = "LeadPoetsSociety", "Assembly-CSharp.csproj", "{3C620E5D-8DC9-557A-DEA8-AEA2160012AA}"
EndProject
Project("{D1F17BFD-4C9B-6AD5-7E98-6DA960B3CEA0}") = "LeadPoetsSociety", "Assembly-CSharp-Editor.csproj", "{93477415-B42A-ED0F-583B-1B73B5770DBC}"
EndProject
Global
	GlobalSection(SolutionConfigurationPlatforms) = preSolution
		Debug|Any CPU = Debug|Any CPU
		Release|Any CPU = Release|Any CPU
	EndGlobalSection
	GlobalSection(ProjectConfigurationPlatforms) = postSolution
		{41F43E22-C635-7CD8-91AD-1AA75DE6BF03}.Debug|Any CPU.ActiveCfg = Debug|Any CPU
		{41F43E22-C635-7CD8-91AD-1AA75DE6BF03}.Debug|Any CPU.Build.0 = Debug|Any CPU
		{41F43E22-C635-7CD8-91AD-1AA75DE6BF03}.Release|Any CPU.ActiveCfg = Release|Any CPU
		{41F43E22-C635-7CD8-91AD-1AA75DE6BF03}.Release|Any CPU.Build.0 = Release|Any CPU
		{3C620E5D-8DC9-557A-DEA8-AEA2160012AA}.Debug|Any CPU.ActiveCfg = Debug|Any CPU
		{3C620E5D-8DC9-557A-DEA8-AEA2160012AA}.Debug|Any CPU.Build.0 = Debug|Any CPU
		{3C620E5D-8DC9-557A-DEA8-AEA2160012AA}.Release|Any CPU.ActiveCfg = Release|Any CPU
		{3C620E5D-8DC9-557A-DEA8-AEA2160012AA}.Release|Any CPU.Build.0 = Release|Any CPU
		{93477415-B42A-ED0F-583B-1B73B5770DBC}.Debug|Any CPU.ActiveCfg = Debug|Any CPU
		{93477415-B42A-ED0F-583B-1B73B5770DBC}.Debug|Any CPU.Build.0 = Debug|Any CPU
		{93477415-B42A-ED0F-583B-1B73B5770DBC}.Release|Any CPU.ActiveCfg = Release|Any CPU
		{93477415-B42A-ED0F-583B-1B73B5770DBC}.Release|Any CPU.Build.0 = Release|Any CPU
	EndGlobalSection
	GlobalSection(SolutionProperties) = preSolution
		HideSolutionNode = FALSE
	EndGlobalSection
				GlobalSection(MonoDevelopProperties) = preSolution
		StartupItem = Assembly-CSharp.csproj
		Policies = $0
		$0.TextStylePolicy = $1
		$1.inheritsSet = null
		$1.scope = text/x-csharp
		$0.CSharpFormattingPolicy = $2
		$2.inheritsSet = Mono
		$2.inheritsScope = text/x-csharp
		$2.scope = text/x-csharp
		$0.TextStylePolicy = $3
		$3.FileWidth = 120
		$3.TabWidth = 4
		$3.IndentWidth = 4
		$3.EolMarker = Unix
		$3.inheritsSet = Mono
		$3.inheritsScope = text/plain
		$3.scope = text/plain
	EndGlobalSection

EndGlobal
